
Microsoft Visual Studio Solution File, Format Version 12.00
# Visual Studio 15
VisualStudioVersion = 15.0.28307.645
MinimumVisualStudioVersion = 10.0.40219.1
Project("{FAE04EC0-301F-11D3-BF4B-00C04F79EFBC}") = "PiCalculatorServer", "PiCalculatorServer\PiCalculatorServer.csproj", "{191F16F3-7CB6-4E06-8EDA-B87F08256416}"
EndProject
Global
	GlobalSection(SolutionConfigurationPlatforms) = preSolution
		Debug|Any CPU = Debug|Any CPU
		Release|Any CPU = Release|Any CPU
	EndGlobalSection
	GlobalSection(ProjectConfigurationPlatforms) = postSolution
		{191F16F3-7CB6-4E06-8EDA-B87F08256416}.Debug|Any CPU.ActiveCfg = Debug|Any CPU
		{191F16F3-7CB6-4E06-8EDA-B87F08256416}.Debug|Any CPU.Build.0 = Debug|Any CPU
		{191F16F3-7CB6-4E06-8EDA-B87F08256416}.Release|Any CPU.ActiveCfg = Release|Any CPU
		{191F16F3-7CB6-4E06-8EDA-B87F08256416}.Release|Any CPU.Build.0 = Release|Any CPU
	EndGlobalSection
	GlobalSection(SolutionProperties) = preSolution
		HideSolutionNode = FALSE
	EndGlobalSection
	GlobalSection(ExtensibilityGlobals) = postSolution
		SolutionGuid = {A0B17CFF-EED0-4AFE-8CCF-5B397B2F9C2E}
	EndGlobalSection
EndGlobal
